
Microsoft Visual Studio Solution File, Format Version 12.00
# Visual Studio Version 16
VisualStudioVersion = 16.0.32802.440
MinimumVisualStudioVersion = 10.0.40219.1
Project("{FAE04EC0-301F-11D3-BF4B-00C04F79EFBC}") = "Projeto 14 - Urna", "Projeto 14 - Urna.csproj", "{84864086-7530-4368-9B1A-E85D472A0E87}"
EndProject
Global
	GlobalSection(SolutionConfigurationPlatforms) = preSolution
		Debug|Any CPU = Debug|Any CPU
		Release|Any CPU = Release|Any CPU
	EndGlobalSection
	GlobalSection(ProjectConfigurationPlatforms) = postSolution
		{84864086-7530-4368-9B1A-E85D472A0E87}.Debug|Any CPU.ActiveCfg = Debug|Any CPU
		{84864086-7530-4368-9B1A-E85D472A0E87}.Debug|Any CPU.Build.0 = Debug|Any CPU
		{84864086-7530-4368-9B1A-E85D472A0E87}.Release|Any CPU.ActiveCfg = Release|Any CPU
		{84864086-7530-4368-9B1A-E85D472A0E87}.Release|Any CPU.Build.0 = Release|Any CPU
	EndGlobalSection
	GlobalSection(SolutionProperties) = preSolution
		HideSolutionNode = FALSE
	EndGlobalSection
	GlobalSection(ExtensibilityGlobals) = postSolution
		SolutionGuid = {049872A3-6C2C-4DC8-B0A1-B6007BA43E36}
	EndGlobalSection
EndGlobal
